
Microsoft Visual Studio Solution File, Format Version 12.00
# Visual Studio 15
VisualStudioVersion = 15.0.27004.2009
MinimumVisualStudioVersion = 10.0.40219.1
Project("{FAE04EC0-301F-11D3-BF4B-00C04F79EFBC}") = "ConsoleApp1", "ConsoleApp1\ConsoleApp1.csproj", "{C4AF712E-7073-471C-9EEF-8C03457BA703}"
EndProject
Project("{FAE04EC0-301F-11D3-BF4B-00C04F79EFBC}") = "05 _ New Coin", "05 _ New Coin\05 _ New Coin.csproj", "{FF2D4154-AD87-4892-B822-E60A668BA696}"
EndProject
Project("{FAE04EC0-301F-11D3-BF4B-00C04F79EFBC}") = "01 _ Exchange", "01 _ Exchange\01 _ Exchange.csproj", "{51227790-73E3-4A34-89E4-24FDEE98141C}"
EndProject
Project("{FAE04EC0-301F-11D3-BF4B-00C04F79EFBC}") = "04 _ Coin Ratings", "04 _ Coin Ratings\04 _ Coin Ratings.csproj", "{B2AD61CF-6438-4FF6-8394-13D4CF4A6FA4}"
EndProject
Global
	GlobalSection(SolutionConfigurationPlatforms) = preSolution
		Debug|Any CPU = Debug|Any CPU
		Release|Any CPU = Release|Any CPU
	EndGlobalSection
	GlobalSection(ProjectConfigurationPlatforms) = postSolution
		{C4AF712E-7073-471C-9EEF-8C03457BA703}.Debug|Any CPU.ActiveCfg = Debug|Any CPU
		{C4AF712E-7073-471C-9EEF-8C03457BA703}.Debug|Any CPU.Build.0 = Debug|Any CPU
		{C4AF712E-7073-471C-9EEF-8C03457BA703}.Release|Any CPU.ActiveCfg = Release|Any CPU
		{C4AF712E-7073-471C-9EEF-8C03457BA703}.Release|Any CPU.Build.0 = Release|Any CPU
		{FF2D4154-AD87-4892-B822-E60A668BA696}.Debug|Any CPU.ActiveCfg = Debug|Any CPU
		{FF2D4154-AD87-4892-B822-E60A668BA696}.Debug|Any CPU.Build.0 = Debug|Any CPU
		{FF2D4154-AD87-4892-B822-E60A668BA696}.Release|Any CPU.ActiveCfg = Release|Any CPU
		{FF2D4154-AD87-4892-B822-E60A668BA696}.Release|Any CPU.Build.0 = Release|Any CPU
		{51227790-73E3-4A34-89E4-24FDEE98141C}.Debug|Any CPU.ActiveCfg = Debug|Any CPU
		{51227790-73E3-4A34-89E4-24FDEE98141C}.Debug|Any CPU.Build.0 = Debug|Any CPU
		{51227790-73E3-4A34-89E4-24FDEE98141C}.Release|Any CPU.ActiveCfg = Release|Any CPU
		{51227790-73E3-4A34-89E4-24FDEE98141C}.Release|Any CPU.Build.0 = Release|Any CPU
		{B2AD61CF-6438-4FF6-8394-13D4CF4A6FA4}.Debug|Any CPU.ActiveCfg = Debug|Any CPU
		{B2AD61CF-6438-4FF6-8394-13D4CF4A6FA4}.Debug|Any CPU.Build.0 = Debug|Any CPU
		{B2AD61CF-6438-4FF6-8394-13D4CF4A6FA4}.Release|Any CPU.ActiveCfg = Release|Any CPU
		{B2AD61CF-6438-4FF6-8394-13D4CF4A6FA4}.Release|Any CPU.Build.0 = Release|Any CPU
	EndGlobalSection
	GlobalSection(SolutionProperties) = preSolution
		HideSolutionNode = FALSE
	EndGlobalSection
	GlobalSection(ExtensibilityGlobals) = postSolution
		SolutionGuid = {EC277F9C-7A38-4BF8-957E-9CF46F5370DA}
	EndGlobalSection
EndGlobal
